
Microsoft Visual Studio Solution File, Format Version 12.00
# Visual Studio 15
VisualStudioVersion = 15.0.27004.2005
MinimumVisualStudioVersion = 10.0.40219.1
Project("{FAE04EC0-301F-11D3-BF4B-00C04F79EFBC}") = "BinaryFog.Messenger.Send", "BinaryFog.Messenger.Send\BinaryFog.Messenger.Send.csproj", "{F46F71D0-B12E-4DE9-80AD-7BEB7E809EAB}"
EndProject
Global
	GlobalSection(SolutionConfigurationPlatforms) = preSolution
		Debug|Any CPU = Debug|Any CPU
		Release|Any CPU = Release|Any CPU
	EndGlobalSection
	GlobalSection(ProjectConfigurationPlatforms) = postSolution
		{F46F71D0-B12E-4DE9-80AD-7BEB7E809EAB}.Debug|Any CPU.ActiveCfg = Debug|Any CPU
		{F46F71D0-B12E-4DE9-80AD-7BEB7E809EAB}.Debug|Any CPU.Build.0 = Debug|Any CPU
		{F46F71D0-B12E-4DE9-80AD-7BEB7E809EAB}.Release|Any CPU.ActiveCfg = Release|Any CPU
		{F46F71D0-B12E-4DE9-80AD-7BEB7E809EAB}.Release|Any CPU.Build.0 = Release|Any CPU
	EndGlobalSection
	GlobalSection(SolutionProperties) = preSolution
		HideSolutionNode = FALSE
	EndGlobalSection
	GlobalSection(ExtensibilityGlobals) = postSolution
		SolutionGuid = {818424F9-EBA4-4E5F-9CE3-D5E1A7484193}
	EndGlobalSection
EndGlobal
